github.com/querycap/ci-infra v0.0.0-20200922040845-d2c316a46d9c h1:WYscUhqd1rCDfikrTR97cucssWj+rbiPw1ad3JsQaJc=
github.com/querycap/ci-infra v0.0.0-20200922040845-d2c316a46d9c/go.mod h1:TKNX36IfW/tQ27TTCmOB9UsF5Fb5JITu+lR6LcM0RXY=
github.com/querycap/ci-infra v0.0.0-20200922053648-6785044d99ba h1:CFLsLxeQneA4MTo6qJOvgUZtkHqNfH95Lt1Lg0+Qswk=
github.com/querycap/ci-infra v0.0.0-20200922053648-6785044d99ba/go.mod h1:TKNX36IfW/tQ27TTCmOB9UsF5Fb5JITu+lR6LcM0RXY=
github.com/querycap/ci-infra v0.0.0-20200922103955-10ad6bc6d7cf h1:pli4oGfOaSU3Au49MOVQI8MtlFlCYehZdfKg+NsW5vw=
github.com/querycap/ci-infra v0.0.0-20200922103955-10ad6bc6d7cf/go.mod h1:TKNX36IfW/tQ27TTCmOB9UsF5Fb5JITu+lR6LcM0RXY=
github.com/querycap/ci-infra v0.0.0-20200922130817-8ab0a6d1045a h1:xB8UTackcS9R8c/hWBQVMyf/I8vYDijpEr51StVCv4Y=
github.com/querycap/ci-infra v0.0.0-20200922130817-8ab0a6d1045a/go.mod h1:TKNX36IfW/tQ27TTCmOB9UsF5Fb5JITu+lR6LcM0RXY=
github.com/querycap/ci-infra v0.0.0-20200923040747-3f78076f5428 h1:NQ5pU1ZTJNtSFGNwKQwYvE68nsC8VUjhPk+SjGcDfmQ=
github.com/querycap/ci-infra v0.0.0-20200923040747-3f78076f5428/go.mod h1:TKNX36IfW/tQ27TTCmOB9UsF5Fb5JITu+lR6LcM0RXY=
github.com/querycap/ci-infra v0.0.0-20200923041841-5b6b677c13c5 h1:zGot5jYE35pxXew+6N+CPKMbk+oZXYKJDPtWGued9ss=
github.com/querycap/ci-infra v0.0.0-20200923041841-5b6b677c13c5/go.mod h1:TKNX36IfW/tQ27TTCmOB9UsF5Fb5JITu+lR6LcM0RXY=
github.com/querycap/ci-infra v0.0.0-20200923043616-4399d5488501 h1:WIY2FNpV93gsZG/4Y3XBcHMN+YTuVnvuFhWlpHKrJ2M=
github.com/querycap/ci-infra v0.0.0-20200923043616-4399d5488501/go.mod h1:TKNX36IfW/tQ27TTCmOB9UsF5Fb5JITu+lR6LcM0RXY=
github.com/querycap/ci-infra v0.0.0-20200923072825-06b069915c73 h1:r9lNCTYJ6QaN8yg4ayfm1GbAMFqBMuc9kI2EdGHUOGQ=
github.com/querycap/ci-infra v0.0.0-20200923072825-06b069915c73/go.mod h1:TKNX36IfW/tQ27TTCmOB9UsF5Fb5JITu+lR6LcM0RXY=
github.com/querycap/ci-infra v0.0.0-20200924032456-64f37d1646b5 h1:6hNFH7sjdCM4BGVuu498+1w6SehL/iqhAac6mXTmSUM=
github.com/querycap/ci-infra v0.0.0-20200924032456-64f37d1646b5/go.mod h1:ODC68EFw3ueH9Yolfw6aBs/+BJTZBRqLqO3KzbwPaOc=
gopkg.in/check.v1 v0.0.0-20161208181325-20d25e280405/go.mod h1:Co6ibVJAznAaIkqp8huTwlJQCZ016jof/cbN4VW5Yz0=
gopkg.in/yaml.v2 v2.3.0 h1:clyUAQHOM3G0M3f5vQj7LuJrETvjVot3Z5el9nffUtU=
gopkg.in/yaml.v2 v2.3.0/go.mod h1:hI93XBmqTisBFMUTm0b8Fm+jr3Dg1NNxqwp+5A1VGuI=
