github.com/querycap/ci-infra v0.0.0-20200922040845-d2c316a46d9c h1:WYscUhqd1rCDfikrTR97cucssWj+rbiPw1ad3JsQaJc=
github.com/querycap/ci-infra v0.0.0-20200922040845-d2c316a46d9c/go.mod h1:TKNX36IfW/tQ27TTCmOB9UsF5Fb5JITu+lR6LcM0RXY=
github.com/querycap/ci-infra v0.0.0-20200922053648-6785044d99ba h1:CFLsLxeQneA4MTo6qJOvgUZtkHqNfH95Lt1Lg0+Qswk=
github.com/querycap/ci-infra v0.0.0-20200922053648-6785044d99ba/go.mod h1:TKNX36IfW/tQ27TTCmOB9UsF5Fb5JITu+lR6LcM0RXY=
github.com/querycap/ci-infra v0.0.0-20200922103955-10ad6bc6d7cf h1:pli4oGfOaSU3Au49MOVQI8MtlFlCYehZdfKg+NsW5vw=
github.com/querycap/ci-infra v0.0.0-20200922103955-10ad6bc6d7cf/go.mod h1:TKNX36IfW/tQ27TTCmOB9UsF5Fb5JITu+lR6LcM0RXY=
github.com/querycap/ci-infra v0.0.0-20200922130817-8ab0a6d1045a h1:xB8UTackcS9R8c/hWBQVMyf/I8vYDijpEr51StVCv4Y=
github.com/querycap/ci-infra v0.0.0-20200922130817-8ab0a6d1045a/go.mod h1:TKNX36IfW/tQ27TTCmOB9UsF5Fb5JITu+lR6LcM0RXY=
github.com/querycap/ci-infra v0.0.0-20200923040747-3f78076f5428 h1:NQ5pU1ZTJNtSFGNwKQwYvE68nsC8VUjhPk+SjGcDfmQ=
github.com/querycap/ci-infra v0.0.0-20200923040747-3f78076f5428/go.mod h1:TKNX36IfW/tQ27TTCmOB9UsF5Fb5JITu+lR6LcM0RXY=
github.com/querycap/ci-infra v0.0.0-20200923041841-5b6b677c13c5 h1:zGot5jYE35pxXew+6N+CPKMbk+oZXYKJDPtWGued9ss=
github.com/querycap/ci-infra v0.0.0-20200923041841-5b6b677c13c5/go.mod h1:TKNX36IfW/tQ27TTCmOB9UsF5Fb5JITu+lR6LcM0RXY=
github.com/querycap/ci-infra v0.0.0-20200923043616-4399d5488501 h1:WIY2FNpV93gsZG/4Y3XBcHMN+YTuVnvuFhWlpHKrJ2M=
github.com/querycap/ci-infra v0.0.0-20200923043616-4399d5488501/go.mod h1:TKNX36IfW/tQ27TTCmOB9UsF5Fb5JITu+lR6LcM0RXY=
github.com/querycap/ci-infra v0.0.0-20200923072825-06b069915c73 h1:r9lNCTYJ6QaN8yg4ayfm1GbAMFqBMuc9kI2EdGHUOGQ=
github.com/querycap/ci-infra v0.0.0-20200923072825-06b069915c73/go.mod h1:TKNX36IfW/tQ27TTCmOB9UsF5Fb5JITu+lR6LcM0RXY=
github.com/querycap/ci-infra v0.0.0-20200924032456-64f37d1646b5 h1:6hNFH7sjdCM4BGVuu498+1w6SehL/iqhAac6mXTmSUM=
github.com/querycap/ci-infra v0.0.0-20200924032456-64f37d1646b5/go.mod h1:ODC68EFw3ueH9Yolfw6aBs/+BJTZBRqLqO3KzbwPaOc=
github.com/querycap/ci-infra v0.0.0-20200924054853-5d3d325038eb h1:MFvjiMbYYKDNP1USBAIaDkmBuzLcacvs0PD+Cw4ebWU=
github.com/querycap/ci-infra v0.0.0-20200924054853-5d3d325038eb/go.mod h1:ODC68EFw3ueH9Yolfw6aBs/+BJTZBRqLqO3KzbwPaOc=
github.com/querycap/ci-infra v0.0.0-20200924060443-7b1754f5efcd h1:VfMwTmAkTfrqwz0QQpqOaRT3tQzhl5UhiY2Mlp3IMbw=
github.com/querycap/ci-infra v0.0.0-20200924060443-7b1754f5efcd/go.mod h1:ODC68EFw3ueH9Yolfw6aBs/+BJTZBRqLqO3KzbwPaOc=
github.com/querycap/ci-infra v0.0.0-20200924065910-387f3bc23854 h1:1xM4YMtmdiC2tCXyUqnpwBI0ZqTrRjzVBPFdCbc9sRw=
github.com/querycap/ci-infra v0.0.0-20200924065910-387f3bc23854/go.mod h1:ODC68EFw3ueH9Yolfw6aBs/+BJTZBRqLqO3KzbwPaOc=
github.com/querycap/ci-infra v0.0.0-20201010031215-e9c8e959c9ab h1:Xn1ikvOciF9Ggrmcr60xEJ5lfevGMG5sW8Lx7J3sPf4=
github.com/querycap/ci-infra v0.0.0-20201010031215-e9c8e959c9ab/go.mod h1:ODC68EFw3ueH9Yolfw6aBs/+BJTZBRqLqO3KzbwPaOc=
github.com/querycap/ci-infra v0.0.0-20201010034247-35fe7f2f433e h1:uq4zU5W33YFsZB/LZfMQo+2EXcKEEvR3mQcTRkfZ4tg=
github.com/querycap/ci-infra v0.0.0-20201010034247-35fe7f2f433e/go.mod h1:ODC68EFw3ueH9Yolfw6aBs/+BJTZBRqLqO3KzbwPaOc=
github.com/querycap/ci-infra v0.0.0-20201016101147-2929fea1d1bb h1:tBPn43tTKD2x8AXAST1bNMOKHyZjWaxK2kwVdxbolXQ=
github.com/querycap/ci-infra v0.0.0-20201016101147-2929fea1d1bb/go.mod h1:ODC68EFw3ueH9Yolfw6aBs/+BJTZBRqLqO3KzbwPaOc=
github.com/querycap/ci-infra v0.0.0-20201016121742-f592e271ebd2 h1:oMaozTkz2uaza7VC13X437FhPf2vVY3mku+3fufSMNw=
github.com/querycap/ci-infra v0.0.0-20201016121742-f592e271ebd2/go.mod h1:ODC68EFw3ueH9Yolfw6aBs/+BJTZBRqLqO3KzbwPaOc=
github.com/querycap/ci-infra v0.0.0-20201016151721-c6cd1e21a833 h1:GdZZmhqcKKib6mK7NRJ3Do0mEhZ5P2AT6VUAUha+uyY=
github.com/querycap/ci-infra v0.0.0-20201016151721-c6cd1e21a833/go.mod h1:ODC68EFw3ueH9Yolfw6aBs/+BJTZBRqLqO3KzbwPaOc=
github.com/querycap/ci-infra v0.0.0-20201019031109-499bc9f4ef16 h1:YZCHePjYaXnyEdCsygw4BO/5AtGxamlgaXL4IozNbEo=
github.com/querycap/ci-infra v0.0.0-20201019031109-499bc9f4ef16/go.mod h1:ODC68EFw3ueH9Yolfw6aBs/+BJTZBRqLqO3KzbwPaOc=
github.com/querycap/ci-infra v0.0.0-20201019033811-08c3ef535bec h1:Mh9M3h5vkutJmsVg8uCuH+mhpi8NW9ctTqmRpQsYINI=
github.com/querycap/ci-infra v0.0.0-20201019033811-08c3ef535bec/go.mod h1:ODC68EFw3ueH9Yolfw6aBs/+BJTZBRqLqO3KzbwPaOc=
github.com/querycap/ci-infra v0.0.0-20201020070549-eed9a0da9c93 h1:dEaszHwhsp9nBeFsPWaUVnA9USUciRwa2Jl4NzANLxU=
github.com/querycap/ci-infra v0.0.0-20201020070549-eed9a0da9c93/go.mod h1:ODC68EFw3ueH9Yolfw6aBs/+BJTZBRqLqO3KzbwPaOc=
gopkg.in/check.v1 v0.0.0-20161208181325-20d25e280405/go.mod h1:Co6ibVJAznAaIkqp8huTwlJQCZ016jof/cbN4VW5Yz0=
gopkg.in/yaml.v2 v2.3.0 h1:clyUAQHOM3G0M3f5vQj7LuJrETvjVot3Z5el9nffUtU=
gopkg.in/yaml.v2 v2.3.0/go.mod h1:hI93XBmqTisBFMUTm0b8Fm+jr3Dg1NNxqwp+5A1VGuI=
